
Microsoft Visual Studio Solution File, Format Version 12.00
# Visual Studio 15
VisualStudioVersion = 15.0.26430.14
MinimumVisualStudioVersion = 10.0.40219.1
Project("{FAE04EC0-301F-11D3-BF4B-00C04F79EFBC}") = "XFApp.Android", "XFApp\XFApp.Android\XFApp.Android.csproj", "{8560AAC8-3E1C-4DF9-9CB1-7E96EA390DA0}"
EndProject
Project("{FAE04EC0-301F-11D3-BF4B-00C04F79EFBC}") = "XFApp", "XFApp\XFApp\XFApp.csproj", "{C41B8246-3602-4E16-A4DA-F77AF63C0FE4}"
EndProject
Project("{FAE04EC0-301F-11D3-BF4B-00C04F79EFBC}") = "XFApp.UWP", "XFApp\XFApp.UWP\XFApp.UWP.csproj", "{BB62FF8B-5766-43D6-A1A0-14F23FE2225A}"
EndProject
Project("{FAE04EC0-301F-11D3-BF4B-00C04F79EFBC}") = "XFApp.iOS", "XFApp\XFApp.iOS\XFApp.iOS.csproj", "{559A5864-D4B8-48DF-A2BF-FF38044F0903}"
EndProject
Project("{FAE04EC0-301F-11D3-BF4B-00C04F79EFBC}") = "XFWebApi", "XFWebApi\XFWebApi.csproj", "{BDF23568-ECA3-41FB-A50F-C760FD675FC3}"
EndProject
Global
	GlobalSection(SolutionConfigurationPlatforms) = preSolution
		Ad-Hoc|Any CPU = Ad-Hoc|Any CPU
		Ad-Hoc|ARM = Ad-Hoc|ARM
		Ad-Hoc|iPhone = Ad-Hoc|iPhone
		Ad-Hoc|iPhoneSimulator = Ad-Hoc|iPhoneSimulator
		Ad-Hoc|x64 = Ad-Hoc|x64
		Ad-Hoc|x86 = Ad-Hoc|x86
		AppStore|Any CPU = AppStore|Any CPU
		AppStore|ARM = AppStore|ARM
		AppStore|iPhone = AppStore|iPhone
		AppStore|iPhoneSimulator = AppStore|iPhoneSimulator
		AppStore|x64 = AppStore|x64
		AppStore|x86 = AppStore|x86
		Debug|Any CPU = Debug|Any CPU
		Debug|ARM = Debug|ARM
		Debug|iPhone = Debug|iPhone
		Debug|iPhoneSimulator = Debug|iPhoneSimulator
		Debug|x64 = Debug|x64
		Debug|x86 = Debug|x86
		Release|Any CPU = Release|Any CPU
		Release|ARM = Release|ARM
		Release|iPhone = Release|iPhone
		Release|iPhoneSimulator = Release|iPhoneSimulator
		Release|x64 = Release|x64
		Release|x86 = Release|x86
	EndGlobalSection
	GlobalSection(ProjectConfigurationPlatforms) = postSolution
		{8560AAC8-3E1C-4DF9-9CB1-7E96EA390DA0}.Ad-Hoc|Any CPU.ActiveCfg = Release|Any CPU
		{8560AAC8-3E1C-4DF9-9CB1-7E96EA390DA0}.Ad-Hoc|Any CPU.Build.0 = Release|Any CPU
		{8560AAC8-3E1C-4DF9-9CB1-7E96EA390DA0}.Ad-Hoc|Any CPU.Deploy.0 = Release|Any CPU
		{8560AAC8-3E1C-4DF9-9CB1-7E96EA390DA0}.Ad-Hoc|ARM.ActiveCfg = Release|Any CPU
		{8560AAC8-3E1C-4DF9-9CB1-7E96EA390DA0}.Ad-Hoc|ARM.Build.0 = Release|Any CPU
		{8560AAC8-3E1C-4DF9-9CB1-7E96EA390DA0}.Ad-Hoc|ARM.Deploy.0 = Release|Any CPU
		{8560AAC8-3E1C-4DF9-9CB1-7E96EA390DA0}.Ad-Hoc|iPhone.ActiveCfg = Release|Any CPU
		{8560AAC8-3E1C-4DF9-9CB1-7E96EA390DA0}.Ad-Hoc|iPhone.Build.0 = Release|Any CPU
		{8560AAC8-3E1C-4DF9-9CB1-7E96EA390DA0}.Ad-Hoc|iPhone.Deploy.0 = Release|Any CPU
		{8560AAC8-3E1C-4DF9-9CB1-7E96EA390DA0}.Ad-Hoc|iPhoneSimulator.ActiveCfg = Release|Any CPU
		{8560AAC8-3E1C-4DF9-9CB1-7E96EA390DA0}.Ad-Hoc|iPhoneSimulator.Build.0 = Release|Any CPU
		{8560AAC8-3E1C-4DF9-9CB1-7E96EA390DA0}.Ad-Hoc|iPhoneSimulator.Deploy.0 = Release|Any CPU
		{8560AAC8-3E1C-4DF9-9CB1-7E96EA390DA0}.Ad-Hoc|x64.ActiveCfg = Release|Any CPU
		{8560AAC8-3E1C-4DF9-9CB1-7E96EA390DA0}.Ad-Hoc|x64.Build.0 = Release|Any CPU
		{8560AAC8-3E1C-4DF9-9CB1-7E96EA390DA0}.Ad-Hoc|x64.Deploy.0 = Release|Any CPU
		{8560AAC8-3E1C-4DF9-9CB1-7E96EA390DA0}.Ad-Hoc|x86.ActiveCfg = Release|Any CPU
		{8560AAC8-3E1C-4DF9-9CB1-7E96EA390DA0}.Ad-Hoc|x86.Build.0 = Release|Any CPU
		{8560AAC8-3E1C-4DF9-9CB1-7E96EA390DA0}.Ad-Hoc|x86.Deploy.0 = Release|Any CPU
		{8560AAC8-3E1C-4DF9-9CB1-7E96EA390DA0}.AppStore|Any CPU.ActiveCfg = Release|Any CPU
		{8560AAC8-3E1C-4DF9-9CB1-7E96EA390DA0}.AppStore|Any CPU.Build.0 = Release|Any CPU
		{8560AAC8-3E1C-4DF9-9CB1-7E96EA390DA0}.AppStore|Any CPU.Deploy.0 = Release|Any CPU
		{8560AAC8-3E1C-4DF9-9CB1-7E96EA390DA0}.AppStore|ARM.ActiveCfg = Release|Any CPU
		{8560AAC8-3E1C-4DF9-9CB1-7E96EA390DA0}.AppStore|ARM.Build.0 = Release|Any CPU
		{8560AAC8-3E1C-4DF9-9CB1-7E96EA390DA0}.AppStore|ARM.Deploy.0 = Release|Any CPU
		{8560AAC8-3E1C-4DF9-9CB1-7E96EA390DA0}.AppStore|iPhone.ActiveCfg = Release|Any CPU
		{8560AAC8-3E1C-4DF9-9CB1-7E96EA390DA0}.AppStore|iPhone.Build.0 = Release|Any CPU
		{8560AAC8-3E1C-4DF9-9CB1-7E96EA390DA0}.AppStore|iPhone.Deploy.0 = Release|Any CPU
		{8560AAC8-3E1C-4DF9-9CB1-7E96EA390DA0}.AppStore|iPhoneSimulator.ActiveCfg = Release|Any CPU
		{8560AAC8-3E1C-4DF9-9CB1-7E96EA390DA0}.AppStore|iPhoneSimulator.Build.0 = Release|Any CPU
		{8560AAC8-3E1C-4DF9-9CB1-7E96EA390DA0}.AppStore|iPhoneSimulator.Deploy.0 = Release|Any CPU
		{8560AAC8-3E1C-4DF9-9CB1-7E96EA390DA0}.AppStore|x64.ActiveCfg = Release|Any CPU
		{8560AAC8-3E1C-4DF9-9CB1-7E96EA390DA0}.AppStore|x64.Build.0 = Release|Any CPU
		{8560AAC8-3E1C-4DF9-9CB1-7E96EA390DA0}.AppStore|x64.Deploy.0 = Release|Any CPU
		{8560AAC8-3E1C-4DF9-9CB1-7E96EA390DA0}.AppStore|x86.ActiveCfg = Release|Any CPU
		{8560AAC8-3E1C-4DF9-9CB1-7E96EA390DA0}.AppStore|x86.Build.0 = Release|Any CPU
		{8560AAC8-3E1C-4DF9-9CB1-7E96EA390DA0}.AppStore|x86.Deploy.0 = Release|Any CPU
		{8560AAC8-3E1C-4DF9-9CB1-7E96EA390DA0}.Debug|Any CPU.ActiveCfg = Debug|Any CPU
		{8560AAC8-3E1C-4DF9-9CB1-7E96EA390DA0}.Debug|Any CPU.Build.0 = Debug|Any CPU
		{8560AAC8-3E1C-4DF9-9CB1-7E96EA390DA0}.Debug|Any CPU.Deploy.0 = Debug|Any CPU
		{8560AAC8-3E1C-4DF9-9CB1-7E96EA390DA0}.Debug|ARM.ActiveCfg = Debug|Any CPU
		{8560AAC8-3E1C-4DF9-9CB1-7E96EA390DA0}.Debug|ARM.Build.0 = Debug|Any CPU
		{8560AAC8-3E1C-4DF9-9CB1-7E96EA390DA0}.Debug|ARM.Deploy.0 = Debug|Any CPU
		{8560AAC8-3E1C-4DF9-9CB1-7E96EA390DA0}.Debug|iPhone.ActiveCfg = Debug|Any CPU
		{8560AAC8-3E1C-4DF9-9CB1-7E96EA390DA0}.Debug|iPhone.Build.0 = Debug|Any CPU
		{8560AAC8-3E1C-4DF9-9CB1-7E96EA390DA0}.Debug|iPhone.Deploy.0 = Debug|Any CPU
		{8560AAC8-3E1C-4DF9-9CB1-7E96EA390DA0}.Debug|iPhoneSimulator.ActiveCfg = Debug|Any CPU
		{8560AAC8-3E1C-4DF9-9CB1-7E96EA390DA0}.Debug|iPhoneSimulator.Build.0 = Debug|Any CPU
		{8560AAC8-3E1C-4DF9-9CB1-7E96EA390DA0}.Debug|iPhoneSimulator.Deploy.0 = Debug|Any CPU
		{8560AAC8-3E1C-4DF9-9CB1-7E96EA390DA0}.Debug|x64.ActiveCfg = Debug|Any CPU
		{8560AAC8-3E1C-4DF9-9CB1-7E96EA390DA0}.Debug|x64.Build.0 = Debug|Any CPU
		{8560AAC8-3E1C-4DF9-9CB1-7E96EA390DA0}.Debug|x64.Deploy.0 = Debug|Any CPU
		{8560AAC8-3E1C-4DF9-9CB1-7E96EA390DA0}.Debug|x86.ActiveCfg = Debug|Any CPU
		{8560AAC8-3E1C-4DF9-9CB1-7E96EA390DA0}.Debug|x86.Build.0 = Debug|Any CPU
		{8560AAC8-3E1C-4DF9-9CB1-7E96EA390DA0}.Debug|x86.Deploy.0 = Debug|Any CPU
		{8560AAC8-3E1C-4DF9-9CB1-7E96EA390DA0}.Release|Any CPU.ActiveCfg = Release|Any CPU
		{8560AAC8-3E1C-4DF9-9CB1-7E96EA390DA0}.Release|Any CPU.Build.0 = Release|Any CPU
		{8560AAC8-3E1C-4DF9-9CB1-7E96EA390DA0}.Release|Any CPU.Deploy.0 = Release|Any CPU
		{8560AAC8-3E1C-4DF9-9CB1-7E96EA390DA0}.Release|ARM.ActiveCfg = Release|Any CPU
		{8560AAC8-3E1C-4DF9-9CB1-7E96EA390DA0}.Release|ARM.Build.0 = Release|Any CPU
		{8560AAC8-3E1C-4DF9-9CB1-7E96EA390DA0}.Release|ARM.Deploy.0 = Release|Any CPU
		{8560AAC8-3E1C-4DF9-9CB1-7E96EA390DA0}.Release|iPhone.ActiveCfg = Release|Any CPU
		{8560AAC8-3E1C-4DF9-9CB1-7E96EA390DA0}.Release|iPhone.Build.0 = Release|Any CPU
		{8560AAC8-3E1C-4DF9-9CB1-7E96EA390DA0}.Release|iPhone.Deploy.0 = Release|Any CPU
		{8560AAC8-3E1C-4DF9-9CB1-7E96EA390DA0}.Release|iPhoneSimulator.ActiveCfg = Release|Any CPU
		{8560AAC8-3E1C-4DF9-9CB1-7E96EA390DA0}.Release|iPhoneSimulator.Build.0 = Release|Any CPU
		{8560AAC8-3E1C-4DF9-9CB1-7E96EA390DA0}.Release|iPhoneSimulator.Deploy.0 = Release|Any CPU
		{8560AAC8-3E1C-4DF9-9CB1-7E96EA390DA0}.Release|x64.ActiveCfg = Release|Any CPU
		{8560AAC8-3E1C-4DF9-9CB1-7E96EA390DA0}.Release|x64.Build.0 = Release|Any CPU
		{8560AAC8-3E1C-4DF9-9CB1-7E96EA390DA0}.Release|x64.Deploy.0 = Release|Any CPU
		{8560AAC8-3E1C-4DF9-9CB1-7E96EA390DA0}.Release|x86.ActiveCfg = Release|Any CPU
		{8560AAC8-3E1C-4DF9-9CB1-7E96EA390DA0}.Release|x86.Build.0 = Release|Any CPU
		{8560AAC8-3E1C-4DF9-9CB1-7E96EA390DA0}.Release|x86.Deploy.0 = Release|Any CPU
		{C41B8246-3602-4E16-A4DA-F77AF63C0FE4}.Ad-Hoc|Any CPU.ActiveCfg = Release|Any CPU
		{C41B8246-3602-4E16-A4DA-F77AF63C0FE4}.Ad-Hoc|Any CPU.Build.0 = Release|Any CPU
		{C41B8246-3602-4E16-A4DA-F77AF63C0FE4}.Ad-Hoc|ARM.ActiveCfg = Release|Any CPU
		{C41B8246-3602-4E16-A4DA-F77AF63C0FE4}.Ad-Hoc|ARM.Build.0 = Release|Any CPU
		{C41B8246-3602-4E16-A4DA-F77AF63C0FE4}.Ad-Hoc|iPhone.ActiveCfg = Release|Any CPU
		{C41B8246-3602-4E16-A4DA-F77AF63C0FE4}.Ad-Hoc|iPhone.Build.0 = Release|Any CPU
		{C41B8246-3602-4E16-A4DA-F77AF63C0FE4}.Ad-Hoc|iPhoneSimulator.ActiveCfg = Release|Any CPU
		{C41B8246-3602-4E16-A4DA-F77AF63C0FE4}.Ad-Hoc|iPhoneSimulator.Build.0 = Release|Any CPU
		{C41B8246-3602-4E16-A4DA-F77AF63C0FE4}.Ad-Hoc|x64.ActiveCfg = Release|Any CPU
		{C41B8246-3602-4E16-A4DA-F77AF63C0FE4}.Ad-Hoc|x64.Build.0 = Release|Any CPU
		{C41B8246-3602-4E16-A4DA-F77AF63C0FE4}.Ad-Hoc|x86.ActiveCfg = Release|Any CPU
		{C41B8246-3602-4E16-A4DA-F77AF63C0FE4}.Ad-Hoc|x86.Build.0 = Release|Any CPU
		{C41B8246-3602-4E16-A4DA-F77AF63C0FE4}.AppStore|Any CPU.ActiveCfg = Release|Any CPU
		{C41B8246-3602-4E16-A4DA-F77AF63C0FE4}.AppStore|Any CPU.Build.0 = Release|Any CPU
		{C41B8246-3602-4E16-A4DA-F77AF63C0FE4}.AppStore|ARM.ActiveCfg = Release|Any CPU
		{C41B8246-3602-4E16-A4DA-F77AF63C0FE4}.AppStore|ARM.Build.0 = Release|Any CPU
		{C41B8246-3602-4E16-A4DA-F77AF63C0FE4}.AppStore|iPhone.ActiveCfg = Release|Any CPU
		{C41B8246-3602-4E16-A4DA-F77AF63C0FE4}.AppStore|iPhone.Build.0 = Release|Any CPU
		{C41B8246-3602-4E16-A4DA-F77AF63C0FE4}.AppStore|iPhoneSimulator.ActiveCfg = Release|Any CPU
		{C41B8246-3602-4E16-A4DA-F77AF63C0FE4}.AppStore|iPhoneSimulator.Build.0 = Release|Any CPU
		{C41B8246-3602-4E16-A4DA-F77AF63C0FE4}.AppStore|x64.ActiveCfg = Release|Any CPU
		{C41B8246-3602-4E16-A4DA-F77AF63C0FE4}.AppStore|x64.Build.0 = Release|Any CPU
		{C41B8246-3602-4E16-A4DA-F77AF63C0FE4}.AppStore|x86.ActiveCfg = Release|Any CPU
		{C41B8246-3602-4E16-A4DA-F77AF63C0FE4}.AppStore|x86.Build.0 = Release|Any CPU
		{C41B8246-3602-4E16-A4DA-F77AF63C0FE4}.Debug|Any CPU.ActiveCfg = Debug|Any CPU
		{C41B8246-3602-4E16-A4DA-F77AF63C0FE4}.Debug|Any CPU.Build.0 = Debug|Any CPU
		{C41B8246-3602-4E16-A4DA-F77AF63C0FE4}.Debug|ARM.ActiveCfg = Debug|Any CPU
		{C41B8246-3602-4E16-A4DA-F77AF63C0FE4}.Debug|ARM.Build.0 = Debug|Any CPU
		{C41B8246-3602-4E16-A4DA-F77AF63C0FE4}.Debug|iPhone.ActiveCfg = Debug|Any CPU
		{C41B8246-3602-4E16-A4DA-F77AF63C0FE4}.Debug|iPhone.Build.0 = Debug|Any CPU
		{C41B8246-3602-4E16-A4DA-F77AF63C0FE4}.Debug|iPhoneSimulator.ActiveCfg = Debug|Any CPU
		{C41B8246-3602-4E16-A4DA-F77AF63C0FE4}.Debug|iPhoneSimulator.Build.0 = Debug|Any CPU
		{C41B8246-3602-4E16-A4DA-F77AF63C0FE4}.Debug|x64.ActiveCfg = Debug|Any CPU
		{C41B8246-3602-4E16-A4DA-F77AF63C0FE4}.Debug|x64.Build.0 = Debug|Any CPU
		{C41B8246-3602-4E16-A4DA-F77AF63C0FE4}.Debug|x86.ActiveCfg = Debug|Any CPU
		{C41B8246-3602-4E16-A4DA-F77AF63C0FE4}.Debug|x86.Build.0 = Debug|Any CPU
		{C41B8246-3602-4E16-A4DA-F77AF63C0FE4}.Release|Any CPU.ActiveCfg = Release|Any CPU
		{C41B8246-3602-4E16-A4DA-F77AF63C0FE4}.Release|Any CPU.Build.0 = Release|Any CPU
		{C41B8246-3602-4E16-A4DA-F77AF63C0FE4}.Release|ARM.ActiveCfg = Release|Any CPU
		{C41B8246-3602-4E16-A4DA-F77AF63C0FE4}.Release|ARM.Build.0 = Release|Any CPU
		{C41B8246-3602-4E16-A4DA-F77AF63C0FE4}.Release|iPhone.ActiveCfg = Release|Any CPU
		{C41B8246-3602-4E16-A4DA-F77AF63C0FE4}.Release|iPhone.Build.0 = Release|Any CPU
		{C41B8246-3602-4E16-A4DA-F77AF63C0FE4}.Release|iPhoneSimulator.ActiveCfg = Release|Any CPU
		{C41B8246-3602-4E16-A4DA-F77AF63C0FE4}.Release|iPhoneSimulator.Build.0 = Release|Any CPU
		{C41B8246-3602-4E16-A4DA-F77AF63C0FE4}.Release|x64.ActiveCfg = Release|Any CPU
		{C41B8246-3602-4E16-A4DA-F77AF63C0FE4}.Release|x64.Build.0 = Release|Any CPU
		{C41B8246-3602-4E16-A4DA-F77AF63C0FE4}.Release|x86.ActiveCfg = Release|Any CPU
		{C41B8246-3602-4E16-A4DA-F77AF63C0FE4}.Release|x86.Build.0 = Release|Any CPU
		{BB62FF8B-5766-43D6-A1A0-14F23FE2225A}.Ad-Hoc|Any CPU.ActiveCfg = Release|x86
		{BB62FF8B-5766-43D6-A1A0-14F23FE2225A}.Ad-Hoc|Any CPU.Build.0 = Release|x86
		{BB62FF8B-5766-43D6-A1A0-14F23FE2225A}.Ad-Hoc|Any CPU.Deploy.0 = Release|x86
		{BB62FF8B-5766-43D6-A1A0-14F23FE2225A}.Ad-Hoc|ARM.ActiveCfg = Release|ARM
		{BB62FF8B-5766-43D6-A1A0-14F23FE2225A}.Ad-Hoc|ARM.Build.0 = Release|ARM
		{BB62FF8B-5766-43D6-A1A0-14F23FE2225A}.Ad-Hoc|ARM.Deploy.0 = Release|ARM
		{BB62FF8B-5766-43D6-A1A0-14F23FE2225A}.Ad-Hoc|iPhone.ActiveCfg = Release|x86
		{BB62FF8B-5766-43D6-A1A0-14F23FE2225A}.Ad-Hoc|iPhone.Build.0 = Release|x86
		{BB62FF8B-5766-43D6-A1A0-14F23FE2225A}.Ad-Hoc|iPhone.Deploy.0 = Release|x86
		{BB62FF8B-5766-43D6-A1A0-14F23FE2225A}.Ad-Hoc|iPhoneSimulator.ActiveCfg = Release|x86
		{BB62FF8B-5766-43D6-A1A0-14F23FE2225A}.Ad-Hoc|iPhoneSimulator.Build.0 = Release|x86
		{BB62FF8B-5766-43D6-A1A0-14F23FE2225A}.Ad-Hoc|iPhoneSimulator.Deploy.0 = Release|x86
		{BB62FF8B-5766-43D6-A1A0-14F23FE2225A}.Ad-Hoc|x64.ActiveCfg = Release|x64
		{BB62FF8B-5766-43D6-A1A0-14F23FE2225A}.Ad-Hoc|x64.Build.0 = Release|x64
		{BB62FF8B-5766-43D6-A1A0-14F23FE2225A}.Ad-Hoc|x64.Deploy.0 = Release|x64
		{BB62FF8B-5766-43D6-A1A0-14F23FE2225A}.Ad-Hoc|x86.ActiveCfg = Release|x86
		{BB62FF8B-5766-43D6-A1A0-14F23FE2225A}.Ad-Hoc|x86.Build.0 = Release|x86
		{BB62FF8B-5766-43D6-A1A0-14F23FE2225A}.Ad-Hoc|x86.Deploy.0 = Release|x86
		{BB62FF8B-5766-43D6-A1A0-14F23FE2225A}.AppStore|Any CPU.ActiveCfg = Release|x86
		{BB62FF8B-5766-43D6-A1A0-14F23FE2225A}.AppStore|Any CPU.Build.0 = Release|x86
		{BB62FF8B-5766-43D6-A1A0-14F23FE2225A}.AppStore|Any CPU.Deploy.0 = Release|x86
		{BB62FF8B-5766-43D6-A1A0-14F23FE2225A}.AppStore|ARM.ActiveCfg = Release|ARM
		{BB62FF8B-5766-43D6-A1A0-14F23FE2225A}.AppStore|ARM.Build.0 = Release|ARM
		{BB62FF8B-5766-43D6-A1A0-14F23FE2225A}.AppStore|ARM.Deploy.0 = Release|ARM
		{BB62FF8B-5766-43D6-A1A0-14F23FE2225A}.AppStore|iPhone.ActiveCfg = Release|x86
		{BB62FF8B-5766-43D6-A1A0-14F23FE2225A}.AppStore|iPhone.Build.0 = Release|x86
		{BB62FF8B-5766-43D6-A1A0-14F23FE2225A}.AppStore|iPhone.Deploy.0 = Release|x86
		{BB62FF8B-5766-43D6-A1A0-14F23FE2225A}.AppStore|iPhoneSimulator.ActiveCfg = Release|x86
		{BB62FF8B-5766-43D6-A1A0-14F23FE2225A}.AppStore|iPhoneSimulator.Build.0 = Release|x86
		{BB62FF8B-5766-43D6-A1A0-14F23FE2225A}.AppStore|iPhoneSimulator.Deploy.0 = Release|x86
		{BB62FF8B-5766-43D6-A1A0-14F23FE2225A}.AppStore|x64.ActiveCfg = Release|x64
		{BB62FF8B-5766-43D6-A1A0-14F23FE2225A}.AppStore|x64.Build.0 = Release|x64
		{BB62FF8B-5766-43D6-A1A0-14F23FE2225A}.AppStore|x64.Deploy.0 = Release|x64
		{BB62FF8B-5766-43D6-A1A0-14F23FE2225A}.AppStore|x86.ActiveCfg = Release|x86
		{BB62FF8B-5766-43D6-A1A0-14F23FE2225A}.AppStore|x86.Build.0 = Release|x86
		{BB62FF8B-5766-43D6-A1A0-14F23FE2225A}.AppStore|x86.Deploy.0 = Release|x86
		{BB62FF8B-5766-43D6-A1A0-14F23FE2225A}.Debug|Any CPU.ActiveCfg = Debug|x86
		{BB62FF8B-5766-43D6-A1A0-14F23FE2225A}.Debug|ARM.ActiveCfg = Debug|ARM
		{BB62FF8B-5766-43D6-A1A0-14F23FE2225A}.Debug|ARM.Build.0 = Debug|ARM
		{BB62FF8B-5766-43D6-A1A0-14F23FE2225A}.Debug|ARM.Deploy.0 = Debug|ARM
		{BB62FF8B-5766-43D6-A1A0-14F23FE2225A}.Debug|iPhone.ActiveCfg = Debug|x86
		{BB62FF8B-5766-43D6-A1A0-14F23FE2225A}.Debug|iPhoneSimulator.ActiveCfg = Debug|x86
		{BB62FF8B-5766-43D6-A1A0-14F23FE2225A}.Debug|x64.ActiveCfg = Debug|x64
		{BB62FF8B-5766-43D6-A1A0-14F23FE2225A}.Debug|x64.Build.0 = Debug|x64
		{BB62FF8B-5766-43D6-A1A0-14F23FE2225A}.Debug|x64.Deploy.0 = Debug|x64
		{BB62FF8B-5766-43D6-A1A0-14F23FE2225A}.Debug|x86.ActiveCfg = Debug|x86
		{BB62FF8B-5766-43D6-A1A0-14F23FE2225A}.Debug|x86.Build.0 = Debug|x86
		{BB62FF8B-5766-43D6-A1A0-14F23FE2225A}.Debug|x86.Deploy.0 = Debug|x86
		{BB62FF8B-5766-43D6-A1A0-14F23FE2225A}.Release|Any CPU.ActiveCfg = Release|x86
		{BB62FF8B-5766-43D6-A1A0-14F23FE2225A}.Release|ARM.ActiveCfg = Release|ARM
		{BB62FF8B-5766-43D6-A1A0-14F23FE2225A}.Release|ARM.Build.0 = Release|ARM
		{BB62FF8B-5766-43D6-A1A0-14F23FE2225A}.Release|ARM.Deploy.0 = Release|ARM
		{BB62FF8B-5766-43D6-A1A0-14F23FE2225A}.Release|iPhone.ActiveCfg = Release|x86
		{BB62FF8B-5766-43D6-A1A0-14F23FE2225A}.Release|iPhoneSimulator.ActiveCfg = Release|x86
		{BB62FF8B-5766-43D6-A1A0-14F23FE2225A}.Release|x64.ActiveCfg = Release|x64
		{BB62FF8B-5766-43D6-A1A0-14F23FE2225A}.Release|x64.Build.0 = Release|x64
		{BB62FF8B-5766-43D6-A1A0-14F23FE2225A}.Release|x64.Deploy.0 = Release|x64
		{BB62FF8B-5766-43D6-A1A0-14F23FE2225A}.Release|x86.ActiveCfg = Release|x86
		{BB62FF8B-5766-43D6-A1A0-14F23FE2225A}.Release|x86.Build.0 = Release|x86
		{BB62FF8B-5766-43D6-A1A0-14F23FE2225A}.Release|x86.Deploy.0 = Release|x86
		{559A5864-D4B8-48DF-A2BF-FF38044F0903}.Ad-Hoc|Any CPU.ActiveCfg = Ad-Hoc|iPhone
		{559A5864-D4B8-48DF-A2BF-FF38044F0903}.Ad-Hoc|ARM.ActiveCfg = Ad-Hoc|iPhone
		{559A5864-D4B8-48DF-A2BF-FF38044F0903}.Ad-Hoc|iPhone.ActiveCfg = Ad-Hoc|iPhone
		{559A5864-D4B8-48DF-A2BF-FF38044F0903}.Ad-Hoc|iPhone.Build.0 = Ad-Hoc|iPhone
		{559A5864-D4B8-48DF-A2BF-FF38044F0903}.Ad-Hoc|iPhoneSimulator.ActiveCfg = Ad-Hoc|iPhoneSimulator
		{559A5864-D4B8-48DF-A2BF-FF38044F0903}.Ad-Hoc|iPhoneSimulator.Build.0 = Ad-Hoc|iPhoneSimulator
		{559A5864-D4B8-48DF-A2BF-FF38044F0903}.Ad-Hoc|x64.ActiveCfg = Ad-Hoc|iPhone
		{559A5864-D4B8-48DF-A2BF-FF38044F0903}.Ad-Hoc|x86.ActiveCfg = Ad-Hoc|iPhone
		{559A5864-D4B8-48DF-A2BF-FF38044F0903}.AppStore|Any CPU.ActiveCfg = AppStore|iPhone
		{559A5864-D4B8-48DF-A2BF-FF38044F0903}.AppStore|ARM.ActiveCfg = AppStore|iPhone
		{559A5864-D4B8-48DF-A2BF-FF38044F0903}.AppStore|iPhone.ActiveCfg = AppStore|iPhone
		{559A5864-D4B8-48DF-A2BF-FF38044F0903}.AppStore|iPhone.Build.0 = AppStore|iPhone
		{559A5864-D4B8-48DF-A2BF-FF38044F0903}.AppStore|iPhoneSimulator.ActiveCfg = AppStore|iPhoneSimulator
		{559A5864-D4B8-48DF-A2BF-FF38044F0903}.AppStore|iPhoneSimulator.Build.0 = AppStore|iPhoneSimulator
		{559A5864-D4B8-48DF-A2BF-FF38044F0903}.AppStore|x64.ActiveCfg = AppStore|iPhone
		{559A5864-D4B8-48DF-A2BF-FF38044F0903}.AppStore|x86.ActiveCfg = AppStore|iPhone
		{559A5864-D4B8-48DF-A2BF-FF38044F0903}.Debug|Any CPU.ActiveCfg = Debug|iPhone
		{559A5864-D4B8-48DF-A2BF-FF38044F0903}.Debug|ARM.ActiveCfg = Debug|iPhone
		{559A5864-D4B8-48DF-A2BF-FF38044F0903}.Debug|iPhone.ActiveCfg = Debug|iPhone
		{559A5864-D4B8-48DF-A2BF-FF38044F0903}.Debug|iPhone.Build.0 = Debug|iPhone
		{559A5864-D4B8-48DF-A2BF-FF38044F0903}.Debug|iPhoneSimulator.ActiveCfg = Debug|iPhoneSimulator
		{559A5864-D4B8-48DF-A2BF-FF38044F0903}.Debug|iPhoneSimulator.Build.0 = Debug|iPhoneSimulator
		{559A5864-D4B8-48DF-A2BF-FF38044F0903}.Debug|x64.ActiveCfg = Debug|iPhone
		{559A5864-D4B8-48DF-A2BF-FF38044F0903}.Debug|x86.ActiveCfg = Debug|iPhone
		{559A5864-D4B8-48DF-A2BF-FF38044F0903}.Release|Any CPU.ActiveCfg = Release|iPhone
		{559A5864-D4B8-48DF-A2BF-FF38044F0903}.Release|ARM.ActiveCfg = Release|iPhone
		{559A5864-D4B8-48DF-A2BF-FF38044F0903}.Release|iPhone.ActiveCfg = Release|iPhone
		{559A5864-D4B8-48DF-A2BF-FF38044F0903}.Release|iPhone.Build.0 = Release|iPhone
		{559A5864-D4B8-48DF-A2BF-FF38044F0903}.Release|iPhoneSimulator.ActiveCfg = Release|iPhoneSimulator
		{559A5864-D4B8-48DF-A2BF-FF38044F0903}.Release|iPhoneSimulator.Build.0 = Release|iPhoneSimulator
		{559A5864-D4B8-48DF-A2BF-FF38044F0903}.Release|x64.ActiveCfg = Release|iPhone
		{559A5864-D4B8-48DF-A2BF-FF38044F0903}.Release|x86.ActiveCfg = Release|iPhone
		{BDF23568-ECA3-41FB-A50F-C760FD675FC3}.Ad-Hoc|Any CPU.ActiveCfg = Release|Any CPU
		{BDF23568-ECA3-41FB-A50F-C760FD675FC3}.Ad-Hoc|Any CPU.Build.0 = Release|Any CPU
		{BDF23568-ECA3-41FB-A50F-C760FD675FC3}.Ad-Hoc|ARM.ActiveCfg = Release|Any CPU
		{BDF23568-ECA3-41FB-A50F-C760FD675FC3}.Ad-Hoc|ARM.Build.0 = Release|Any CPU
		{BDF23568-ECA3-41FB-A50F-C760FD675FC3}.Ad-Hoc|iPhone.ActiveCfg = Release|Any CPU
		{BDF23568-ECA3-41FB-A50F-C760FD675FC3}.Ad-Hoc|iPhone.Build.0 = Release|Any CPU
		{BDF23568-ECA3-41FB-A50F-C760FD675FC3}.Ad-Hoc|iPhoneSimulator.ActiveCfg = Release|Any CPU
		{BDF23568-ECA3-41FB-A50F-C760FD675FC3}.Ad-Hoc|iPhoneSimulator.Build.0 = Release|Any CPU
		{BDF23568-ECA3-41FB-A50F-C760FD675FC3}.Ad-Hoc|x64.ActiveCfg = Release|Any CPU
		{BDF23568-ECA3-41FB-A50F-C760FD675FC3}.Ad-Hoc|x64.Build.0 = Release|Any CPU
		{BDF23568-ECA3-41FB-A50F-C760FD675FC3}.Ad-Hoc|x86.ActiveCfg = Release|Any CPU
		{BDF23568-ECA3-41FB-A50F-C760FD675FC3}.Ad-Hoc|x86.Build.0 = Release|Any CPU
		{BDF23568-ECA3-41FB-A50F-C760FD675FC3}.AppStore|Any CPU.ActiveCfg = Release|Any CPU
		{BDF23568-ECA3-41FB-A50F-C760FD675FC3}.AppStore|Any CPU.Build.0 = Release|Any CPU
		{BDF23568-ECA3-41FB-A50F-C760FD675FC3}.AppStore|ARM.ActiveCfg = Release|Any CPU
		{BDF23568-ECA3-41FB-A50F-C760FD675FC3}.AppStore|ARM.Build.0 = Release|Any CPU
		{BDF23568-ECA3-41FB-A50F-C760FD675FC3}.AppStore|iPhone.ActiveCfg = Release|Any CPU
		{BDF23568-ECA3-41FB-A50F-C760FD675FC3}.AppStore|iPhone.Build.0 = Release|Any CPU
		{BDF23568-ECA3-41FB-A50F-C760FD675FC3}.AppStore|iPhoneSimulator.ActiveCfg = Release|Any CPU
		{BDF23568-ECA3-41FB-A50F-C760FD675FC3}.AppStore|iPhoneSimulator.Build.0 = Release|Any CPU
		{BDF23568-ECA3-41FB-A50F-C760FD675FC3}.AppStore|x64.ActiveCfg = Release|Any CPU
		{BDF23568-ECA3-41FB-A50F-C760FD675FC3}.AppStore|x64.Build.0 = Release|Any CPU
		{BDF23568-ECA3-41FB-A50F-C760FD675FC3}.AppStore|x86.ActiveCfg = Release|Any CPU
		{BDF23568-ECA3-41FB-A50F-C760FD675FC3}.AppStore|x86.Build.0 = Release|Any CPU
		{BDF23568-ECA3-41FB-A50F-C760FD675FC3}.Debug|Any CPU.ActiveCfg = Debug|Any CPU
		{BDF23568-ECA3-41FB-A50F-C760FD675FC3}.Debug|Any CPU.Build.0 = Debug|Any CPU
		{BDF23568-ECA3-41FB-A50F-C760FD675FC3}.Debug|ARM.ActiveCfg = Debug|Any CPU
		{BDF23568-ECA3-41FB-A50F-C760FD675FC3}.Debug|ARM.Build.0 = Debug|Any CPU
		{BDF23568-ECA3-41FB-A50F-C760FD675FC3}.Debug|iPhone.ActiveCfg = Debug|Any CPU
		{BDF23568-ECA3-41FB-A50F-C760FD675FC3}.Debug|iPhone.Build.0 = Debug|Any CPU
		{BDF23568-ECA3-41FB-A50F-C760FD675FC3}.Debug|iPhoneSimulator.ActiveCfg = Debug|Any CPU
		{BDF23568-ECA3-41FB-A50F-C760FD675FC3}.Debug|iPhoneSimulator.Build.0 = Debug|Any CPU
		{BDF23568-ECA3-41FB-A50F-C760FD675FC3}.Debug|x64.ActiveCfg = Debug|Any CPU
		{BDF23568-ECA3-41FB-A50F-C760FD675FC3}.Debug|x64.Build.0 = Debug|Any CPU
		{BDF23568-ECA3-41FB-A50F-C760FD675FC3}.Debug|x86.ActiveCfg = Debug|Any CPU
		{BDF23568-ECA3-41FB-A50F-C760FD675FC3}.Debug|x86.Build.0 = Debug|Any CPU
		{BDF23568-ECA3-41FB-A50F-C760FD675FC3}.Release|Any CPU.ActiveCfg = Release|Any CPU
		{BDF23568-ECA3-41FB-A50F-C760FD675FC3}.Release|Any CPU.Build.0 = Release|Any CPU
		{BDF23568-ECA3-41FB-A50F-C760FD675FC3}.Release|ARM.ActiveCfg = Release|Any CPU
		{BDF23568-ECA3-41FB-A50F-C760FD675FC3}.Release|ARM.Build.0 = Release|Any CPU
		{BDF23568-ECA3-41FB-A50F-C760FD675FC3}.Release|iPhone.ActiveCfg = Release|Any CPU
		{BDF23568-ECA3-41FB-A50F-C760FD675FC3}.Release|iPhone.Build.0 = Release|Any CPU
		{BDF23568-ECA3-41FB-A50F-C760FD675FC3}.Release|iPhoneSimulator.ActiveCfg = Release|Any CPU
		{BDF23568-ECA3-41FB-A50F-C760FD675FC3}.Release|iPhoneSimulator.Build.0 = Release|Any CPU
		{BDF23568-ECA3-41FB-A50F-C760FD675FC3}.Release|x64.ActiveCfg = Release|Any CPU
		{BDF23568-ECA3-41FB-A50F-C760FD675FC3}.Release|x64.Build.0 = Release|Any CPU
		{BDF23568-ECA3-41FB-A50F-C760FD675FC3}.Release|x86.ActiveCfg = Release|Any CPU
		{BDF23568-ECA3-41FB-A50F-C760FD675FC3}.Release|x86.Build.0 = Release|Any CPU
	EndGlobalSection
	GlobalSection(SolutionProperties) = preSolution
		HideSolutionNode = FALSE
	EndGlobalSection
EndGlobal
